// !$*UTF8*$!
{
	archiveVersion = 1;
	classes = {
	};
	objectVersion = 50;
	objects = {

/* Begin PBXBuildFile section */
		D9FD44E823D69F8500949F29 /* AppDelegate.swift in Sources */ = {isa = PBXBuildFile; fileRef = D9FD44E723D69F8500949F29 /* AppDelegate.swift */; };
		D9FD44EA23D69F8500949F29 /* SceneDelegate.swift in Sources */ = {isa = PBXBuildFile; fileRef = D9FD44E923D69F8500949F29 /* SceneDelegate.swift */; };
		D9FD44EC23D69F8500949F29 /* ContentView.swift in Sources */ = {isa = PBXBuildFile; fileRef = D9FD44EB23D69F8500949F29 /* ContentView.swift */; };
		D9FD44EE23D69F8600949F29 /* Assets.xcassets in Resources */ = {isa = PBXBuildFile; fileRef = D9FD44ED23D69F8600949F29 /* Assets.xcassets */; };
		D9FD44F123D69F8600949F29 /* Preview Assets.xcassets in Resources */ = {isa = PBXBuildFile; fileRef = D9FD44F023D69F8600949F29 /* Preview Assets.xcassets */; };
		D9FD44F423D69F8600949F29 /* LaunchScreen.storyboard in Resources */ = {isa = PBXBuildFile; fileRef = D9FD44F223D69F8600949F29 /* LaunchScreen.storyboard */; };
/* End PBXBuildFile section */

/* Begin PBXFileReference section */
		D9FD44E423D69F8500949F29 /* turnOffLight.app */ = {isa = PBXFileReference; explicitFileType = wrapper.application; includeInIndex = 0; path = turnOffLight.app; sourceTree = BUILT_PRODUCTS_DIR; };
		D9FD44E723D69F8500949F29 /* AppDelegate.swift */ = {isa = PBXFileReference; lastKnownFileType = sourcecode.swift; path = AppDelegate.swift; sourceTree = "<group>"; };
		D9FD44E923D69F8500949F29 /* SceneDelegate.swift */ = {isa = PBXFileReference; lastKnownFileType = sourcecode.swift; path = SceneDelegate.swift; sourceTree = "<group>"; };
		D9FD44EB23D69F8500949F29 /* ContentView.swift */ = {isa = PBXFileReference; lastKnownFileType = sourcecode.swift; path = ContentView.swift; sourceTree = "<group>"; };
		D9FD44ED23D69F8600949F29 /* Assets.xcassets */ = {isa = PBXFileReference; lastKnownFileType = folder.assetcatalog; path = Assets.xcassets; sourceTree = "<group>"; };
		D9FD44F023D69F8600949F29 /* Preview Assets.xcassets */ = {isa = PBXFileReference; lastKnownFileType = folder.assetcatalog; path = "Preview Assets.xcassets"; sourceTree = "<group>"; };
		D9FD44F323D69F8600949F29 /* Base */ = {isa = PBXFileReference; lastKnownFileType = file.storyboard; name = Base; path = Base.lproj/LaunchScreen.storyboard; sourceTree = "<group>"; };
		D9FD44F523D69F8600949F29 /* Info.plist */ = {isa = PBXFileReference; lastKnownFileType = text.plist.xml; path = Info.plist; sourceTree = "<group>"; };
/* End PBXFileReference section */

/* Begin PBXFrameworksBuildPhase section */
		D9FD44E123D69F8500949F29 /* Frameworks */ = {
			isa = PBXFrameworksBuildPhase;
			buildActionMask = 2147483647;
			files = (
			);
			runOnlyForDeploymentPostprocessing = 0;
		};
/* End PBXFrameworksBuildPhase section */

/* Begin PBXGroup section */
		D9FD44DB23D69F8500949F29 = {
			isa = PBXGroup;
			children = (
				D9FD44E623D69F8500949F29 /* turnOffLight */,
				D9FD44E523D69F8500949F29 /* Products */,
			);
			sourceTree = "<group>";
		};
		D9FD44E523D69F8500949F29 /* Products */ = {
			isa = PBXGroup;
			children = (
				D9FD44E423D69F8500949F29 /* turnOffLight.app */,
			);
			name = Products;
			sourceTree = "<group>";
		};
		D9FD44E623D69F8500949F29 /* turnOffLight */ = {
			isa = PBXGroup;
			children = (
				D9FD44E723D69F8500949F29 /* AppDelegate.swift */,
				D9FD44E923D69F8500949F29 /* SceneDelegate.swift */,
				D9FD44EB23D69F8500949F29 /* ContentView.swift */,
				D9FD44ED23D69F8600949F29 /* Assets.xcassets */,
				D9FD44F223D69F8600949F29 /* LaunchScreen.storyboard */,
				D9FD44F523D69F8600949F29 /* Info.plist */,
				D9FD44EF23D69F8600949F29 /* Preview Content */,
			);
			path = turnOffLight;
			sourceTree = "<group>";
		};
		D9FD44EF23D69F8600949F29 /* Preview Content */ = {
			isa = PBXGroup;
			children = (
				D9FD44F023D69F8600949F29 /* Preview Assets.xcassets */,
			);
			path = "Preview Content";
			sourceTree = "<group>";
		};
/* End PBXGroup section */

/* Begin PBXNativeTarget section */
		D9FD44E323D69F8500949F29 /* turnOffLight */ = {
			isa = PBXNativeTarget;
			buildConfigurationList = D9FD44F823D69F8600949F29 /* Build configuration list for PBXNativeTarget "turnOffLight" */;
			buildPhases = (
				D9FD44E023D69F8500949F29 /* Sources */,
				D9FD44E123D69F8500949F29 /* Frameworks */,
				D9FD44E223D69F8500949F29 /* Resources */,
			);
			buildRules = (
			);
			dependencies = (
			);
			name = turnOffLight;
			productName = turnOffLight;
			productReference = D9FD44E423D69F8500949F29 /* turnOffLight.app */;
			productType = "com.apple.product-type.application";
		};
/* End PBXNativeTarget section */

/* Begin PBXProject section */
		D9FD44DC23D69F8500949F29 /* Project object */ = {
			isa = PBXProject;
			attributes = {
				LastSwiftUpdateCheck = 1130;
				LastUpgradeCheck = 1130;
				ORGANIZATIONNAME = "Qian Meng";
				TargetAttributes = {
					D9FD44E323D69F8500949F29 = {
						CreatedOnToolsVersion = 11.3;
					};
				};
			};
			buildConfigurationList = D9FD44DF23D69F8500949F29 /* Build configuration list for PBXProject "turnOffLight" */;
			compatibilityVersion = "Xcode 9.3";
			developmentRegion = en;
			hasScannedForEncodings = 0;
			knownRegions = (
				en,
				Base,
			);
			mainGroup = D9FD44DB23D69F8500949F29;
			productRefGroup = D9FD44E523D69F8500949F29 /* Products */;
			projectDirPath = "";
			projectRoot = "";
			targets = (
				D9FD44E323D69F8500949F29 /* turnOffLight */,
			);
		};
/* End PBXProject section */

/* Begin PBXResourcesBuildPhase section */
		D9FD44E223D69F8500949F29 /* Resources */ = {
			isa = PBXResourcesBuildPhase;
			buildActionMask = 2147483647;
			files = (
				D9FD44F423D69F8600949F29 /* LaunchScreen.storyboard in Resources */,
				D9FD44F123D69F8600949F29 /* Preview Assets.xcassets in Resources */,
				D9FD44EE23D69F8600949F29 /* Assets.xcassets in Resources */,
			);
			runOnlyForDeploymentPostprocessing = 0;
		};
/* End PBXResourcesBuildPhase section */

/* Begin PBXSourcesBuildPhase section */
		D9FD44E023D69F8500949F29 /* Sources */ = {
			isa = PBXSourcesBuildPhase;
			buildActionMask = 2147483647;
			files = (
				D9FD44E823D69F8500949F29 /* AppDelegate.swift in Sources */,
				D9FD44EA23D69F8500949F29 /* SceneDelegate.swift in Sources */,
				D9FD44EC23D69F8500949F29 /* ContentView.swift in Sources */,
			);
			runOnlyForDeploymentPostprocessing = 0;
		};
/* End PBXSourcesBuildPhase section */

/* Begin PBXVariantGroup section */
		D9FD44F223D69F8600949F29 /* LaunchScreen.storyboard */ = {
			isa = PBXVariantGroup;
			children = (
				D9FD44F323D69F8600949F29 /* Base */,
			);
			name = LaunchScreen.storyboard;
			sourceTree = "<group>";
		};
/* End PBXVariantGroup section */

/* Begin XCBuildConfiguration section */
		D9FD44F623D69F8600949F29 /* Debug */ = {
			isa = XCBuildConfiguration;
			buildSettings = {
				ALWAYS_SEARCH_USER_PATHS = NO;
				CLANG_ANALYZER_NONNULL = YES;
				CLANG_ANALYZER_NUMBER_OBJECT_CONVERSION = YES_AGGRESSIVE;
				CLANG_CXX_LANGUAGE_STANDARD = "gnu++14";
				CLANG_CXX_LIBRARY = "libc++";
				CLANG_ENABLE_MODULES = YES;
				CLANG_ENABLE_OBJC_ARC = YES;
				CLANG_ENABLE_OBJC_WEAK = YES;
				CLANG_WARN_BLOCK_CAPTURE_AUTORELEASING = YES;
				CLANG_WARN_BOOL_CONVERSION = YES;
				CLANG_WARN_COMMA = YES;
				CLANG_WARN_CONSTANT_CONVERSION = YES;
				CLANG_WARN_DEPRECATED_OBJC_IMPLEMENTATIONS = YES;
				CLANG_WARN_DIRECT_OBJC_ISA_USAGE = YES_ERROR;
				CLANG_WARN_DOCUMENTATION_COMMENTS = YES;
				CLANG_WARN_EMPTY_BODY = YES;
				CLANG_WARN_ENUM_CONVERSION = YES;
				CLANG_WARN_INFINITE_RECURSION = YES;
				CLANG_WARN_INT_CONVERSION = YES;
				CLANG_WARN_NON_LITERAL_NULL_CONVERSION = YES;
				CLANG_WARN_OBJC_IMPLICIT_RETAIN_SELF = YES;
				CLANG_WARN_OBJC_LITERAL_CONVERSION = YES;
				CLANG_WARN_OBJC_ROOT_CLASS = YES_ERROR;
				CLANG_WARN_RANGE_LOOP_ANALYSIS = YES;
				CLANG_WARN_STRICT_PROTOTYPES = YES;
				CLANG_WARN_SUSPICIOUS_MOVE = YES;
				CLANG_WARN_UNGUARDED_AVAILABILITY = YES_AGGRESSIVE;
				CLANG_WARN_UNREACHABLE_CODE = YES;
				CLANG_WARN__DUPLICATE_METHOD_MATCH = YES;
				COPY_PHASE_STRIP = NO;
				DEBUG_INFORMATION_FORMAT = dwarf;
				ENABLE_STRICT_OBJC_MSGSEND = YES;
				ENABLE_TESTABILITY = YES;
				GCC_C_LANGUAGE_STANDARD = gnu11;
				GCC_DYNAMIC_NO_PIC = NO;
				GCC_NO_COMMON_BLOCKS = YES;
				GCC_OPTIMIZATION_LEVEL = 0;
				GCC_PREPROCESSOR_DEFINITIONS = (
					"DEBUG=1",
					"$(inherited)",
				);
				GCC_WARN_64_TO_32_BIT_CONVERSION = YES;
				GCC_WARN_ABOUT_RETURN_TYPE = YES_ERROR;
				GCC_WARN_UNDECLARED_SELECTOR = YES;
				GCC_WARN_UNINITIALIZED_AUTOS = YES_AGGRESSIVE;
				GCC_WARN_UNUSED_FUNCTION = YES;
				GCC_WARN_UNUSED_VARIABLE = YES;
				IPHONEOS_DEPLOYMENT_TARGET = 13.2;
				MTL_ENABLE_DEBUG_INFO = INCLUDE_SOURCE;
				MTL_FAST_MATH = YES;
				ONLY_ACTIVE_ARCH = YES;
				SDKROOT = iphoneos;
				SWIFT_ACTIVE_COMPILATION_CONDITIONS = DEBUG;
				SWIFT_OPTIMIZATION_LEVEL = "-Onone";
			};
			name = Debug;
		};
		D9FD44F723D69F8600949F29 /* Release */ = {
			isa = XCBuildConfiguration;
			buildSettings = {
				ALWAYS_SEARCH_USER_PATHS = NO;
				CLANG_ANALYZER_NONNULL = YES;
				CLANG_ANALYZER_NUMBER_OBJECT_CONVERSION = YES_AGGRESSIVE;
				CLANG_CXX_LANGUAGE_STANDARD = "gnu++14";
				CLANG_CXX_LIBRARY = "libc++";
				CLANG_ENABLE_MODULES = YES;
				CLANG_ENABLE_OBJC_ARC = YES;
				CLANG_ENABLE_OBJC_WEAK = YES;
				CLANG_WARN_BLOCK_CAPTURE_AUTORELEASING = YES;
				CLANG_WARN_BOOL_CONVERSION = YES;
				CLANG_WARN_COMMA = YES;
				CLANG_WARN_CONSTANT_CONVERSION = YES;
				CLANG_WARN_DEPRECATED_OBJC_IMPLEMENTATIONS = YES;
				CLANG_WARN_DIRECT_OBJC_ISA_USAGE = YES_ERROR;
				CLANG_WARN_DOCUMENTATION_COMMENTS = YES;
				CLANG_WARN_EMPTY_BODY = YES;
				CLANG_WARN_ENUM_CONVERSION = YES;
				CLANG_WARN_INFINITE_RECURSION = YES;
				CLANG_WARN_INT_CONVERSION = YES;
				CLANG_WARN_NON_LITERAL_NULL_CONVERSION = YES;
				CLANG_WARN_OBJC_IMPLICIT_RETAIN_SELF = YES;
				CLANG_WARN_OBJC_LITERAL_CONVERSION = YES;
				CLANG_WARN_OBJC_ROOT_CLASS = YES_ERROR;
				CLANG_WARN_RANGE_LOOP_ANALYSIS = YES;
				CLANG_WARN_STRICT_PROTOTYPES = YES;
				CLANG_WARN_SUSPICIOUS_MOVE = YES;
				CLANG_WARN_UNGUARDED_AVAILABILITY = YES_AGGRESSIVE;
				CLANG_WARN_UNREACHABLE_CODE = YES;
				CLANG_WARN__DUPLICATE_METHOD_MATCH = YES;
				COPY_PHASE_STRIP = NO;
				DEBUG_INFORMATION_FORMAT = "dwarf-with-dsym";
				ENABLE_NS_ASSERTIONS = NO;
				ENABLE_STRICT_OBJC_MSGSEND = YES;
				GCC_C_LANGUAGE_STANDARD = gnu11;
				GCC_NO_COMMON_BLOCKS = YES;
				GCC_WARN_64_TO_32_BIT_CONVERSION = YES;
				GCC_WARN_ABOUT_RETURN_TYPE = YES_ERROR;
				GCC_WARN_UNDECLARED_SELECTOR = YES;
				GCC_WARN_UNINITIALIZED_AUTOS = YES_AGGRESSIVE;
				GCC_WARN_UNUSED_FUNCTION = YES;
				GCC_WARN_UNUSED_VARIABLE = YES;
				IPHONEOS_DEPLOYMENT_TARGET = 13.2;
				MTL_ENABLE_DEBUG_INFO = NO;
				MTL_FAST_MATH = YES;
				SDKROOT = iphoneos;
				SWIFT_COMPILATION_MODE = wholemodule;
				SWIFT_OPTIMIZATION_LEVEL = "-O";
				VALIDATE_PRODUCT = YES;
			};
			name = Release;
		};
		D9FD44F923D69F8600949F29 /* Debug */ = {
			isa = XCBuildConfiguration;
			buildSettings = {
				ASSETCATALOG_COMPILER_APPICON_NAME = AppIcon;
				CODE_SIGN_STYLE = Automatic;
				DEVELOPMENT_ASSET_PATHS = "\"turnOffLight/Preview Content\"";
				DEVELOPMENT_TEAM = 6ER4569E5Z;
				ENABLE_PREVIEWS = YES;
				INFOPLIST_FILE = turnOffLight/Info.plist;
				LD_RUNPATH_SEARCH_PATHS = (
					"$(inherited)",
					"@executable_path/Frameworks",
				);
				PRODUCT_BUNDLE_IDENTIFIER = com.thinktube.turnOffLight;
				PRODUCT_NAME = "$(TARGET_NAME)";
				SWIFT_VERSION = 5.0;
				TARGETED_DEVICE_FAMILY = "1,2";
			};
			name = Debug;
		};
		D9FD44FA23D69F8600949F29 /* Release */ = {
			isa = XCBuildConfiguration;
			buildSettings = {
				ASSETCATALOG_COMPILER_APPICON_NAME = AppIcon;
				CODE_SIGN_STYLE = Automatic;
				DEVELOPMENT_ASSET_PATHS = "\"turnOffLight/Preview Content\"";
				DEVELOPMENT_TEAM = 6ER4569E5Z;
				ENABLE_PREVIEWS = YES;
				INFOPLIST_FILE = turnOffLight/Info.plist;
				LD_RUNPATH_SEARCH_PATHS = (
					"$(inherited)",
					"@executable_path/Frameworks",
				);
				PRODUCT_BUNDLE_IDENTIFIER = com.thinktube.turnOffLight;
				PRODUCT_NAME = "$(TARGET_NAME)";
				SWIFT_VERSION = 5.0;
				TARGETED_DEVICE_FAMILY = "1,2";
			};
			name = Release;
		};
/* End XCBuildConfiguration section */

/* Begin XCConfigurationList section */
		D9FD44DF23D69F8500949F29 /* Build configuration list for PBXProject "turnOffLight" */ = {
			isa = XCConfigurationList;
			buildConfigurations = (
				D9FD44F623D69F8600949F29 /* Debug */,
				D9FD44F723D69F8600949F29 /* Release */,
			);
			defaultConfigurationIsVisible = 0;
			defaultConfigurationName = Release;
		};
		D9FD44F823D69F8600949F29 /* Build configuration list for PBXNativeTarget "turnOffLight" */ = {
			isa = XCConfigurationList;
			buildConfigurations = (
				D9FD44F923D69F8600949F29 /* Debug */,
				D9FD44FA23D69F8600949F29 /* Release */,
			);
			defaultConfigurationIsVisible = 0;
			defaultConfigurationName = Release;
		};
/* End XCConfigurationList section */
	};
	rootObject = D9FD44DC23D69F8500949F29 /* Project object */;
}
